
Microsoft Visual Studio Solution File, Format Version 12.00
# Visual Studio 2013
VisualStudioVersion = 12.0.21005.1
MinimumVisualStudioVersion = 10.0.40219.1
Project("{FAE04EC0-301F-11D3-BF4B-00C04F79EFBC}") = "AliceAndBob", "AliceAndBob\AliceAndBob.csproj", "{D5C89D2E-3EAF-414C-BCBB-253E4CA780FC}"
EndProject
Project("{2150E333-8FDC-42A3-9474-1A3956D46DE8}") = "Solution Items", "Solution Items", "{866C55D3-D185-46F9-87E3-135006448A6A}"
	ProjectSection(SolutionItems) = preProject
		Performance1.psess = Performance1.psess
	EndProjectSection
EndProject
Global
	GlobalSection(SolutionConfigurationPlatforms) = preSolution
		Debug|x86 = Debug|x86
		Release|x86 = Release|x86
	EndGlobalSection
	GlobalSection(ProjectConfigurationPlatforms) = postSolution
		{D5C89D2E-3EAF-414C-BCBB-253E4CA780FC}.Debug|x86.ActiveCfg = Debug|x86
		{D5C89D2E-3EAF-414C-BCBB-253E4CA780FC}.Debug|x86.Build.0 = Debug|x86
		{D5C89D2E-3EAF-414C-BCBB-253E4CA780FC}.Release|x86.ActiveCfg = Release|x86
		{D5C89D2E-3EAF-414C-BCBB-253E4CA780FC}.Release|x86.Build.0 = Release|x86
	EndGlobalSection
	GlobalSection(SolutionProperties) = preSolution
		HideSolutionNode = FALSE
	EndGlobalSection
EndGlobal
